// !$*UTF8*$!
{
	archiveVersion = 1;
	classes = {
	};
	objectVersion = 77;
	objects = {

/* Begin PBXBuildFile section */
		E0B95BCE2D99DEF800262E58 /* FirebaseAnalytics in Frameworks */ = {isa = PBXBuildFile; productRef = E0B95BCD2D99DEF800262E58 /* FirebaseAnalytics */; };
		E0B95BD02D99DEF800262E58 /* FirebaseAnalyticsOnDeviceConversion in Frameworks */ = {isa = PBXBuildFile; productRef = E0B95BCF2D99DEF800262E58 /* FirebaseAnalyticsOnDeviceConversion */; };
		E0B95BD22D99DEF800262E58 /* FirebaseAnalyticsWithoutAdIdSupport in Frameworks */ = {isa = PBXBuildFile; productRef = E0B95BD12D99DEF800262E58 /* FirebaseAnalyticsWithoutAdIdSupport */; };
		E0B95BD42D99DEF800262E58 /* FirebaseAppCheck in Frameworks */ = {isa = PBXBuildFile; productRef = E0B95BD32D99DEF800262E58 /* FirebaseAppCheck */; };
		E0B95BD62D99DEF800262E58 /* FirebaseAppDistribution-Beta in Frameworks */ = {isa = PBXBuildFile; productRef = E0B95BD52D99DEF800262E58 /* FirebaseAppDistribution-Beta */; };
		E0B95BD82D99DEF800262E58 /* FirebaseAuth in Frameworks */ = {isa = PBXBuildFile; productRef = E0B95BD72D99DEF800262E58 /* FirebaseAuth */; };
		E0B95BDA2D99DEF800262E58 /* FirebaseAuthCombine-Community in Frameworks */ = {isa = PBXBuildFile; productRef = E0B95BD92D99DEF800262E58 /* FirebaseAuthCombine-Community */; };
		E0B95BDC2D99DEF800262E58 /* FirebaseCore in Frameworks */ = {isa = PBXBuildFile; productRef = E0B95BDB2D99DEF800262E58 /* FirebaseCore */; };
		E0B95BDE2D99DEF800262E58 /* FirebaseCrashlytics in Frameworks */ = {isa = PBXBuildFile; productRef = E0B95BDD2D99DEF800262E58 /* FirebaseCrashlytics */; };
		E0B95BE02D99DEF800262E58 /* FirebaseDatabase in Frameworks */ = {isa = PBXBuildFile; productRef = E0B95BDF2D99DEF800262E58 /* FirebaseDatabase */; };
		E0B95BE22D99DEF800262E58 /* FirebaseDynamicLinks in Frameworks */ = {isa = PBXBuildFile; productRef = E0B95BE12D99DEF800262E58 /* FirebaseDynamicLinks */; };
		E0B95BE42D99DEF800262E58 /* FirebaseFirestore in Frameworks */ = {isa = PBXBuildFile; productRef = E0B95BE32D99DEF800262E58 /* FirebaseFirestore */; };
		E0B95BE62D99DEF800262E58 /* FirebaseFirestoreCombine-Community in Frameworks */ = {isa = PBXBuildFile; productRef = E0B95BE52D99DEF800262E58 /* FirebaseFirestoreCombine-Community */; };
		E0B95BE82D99DEF800262E58 /* FirebaseFunctions in Frameworks */ = {isa = PBXBuildFile; productRef = E0B95BE72D99DEF800262E58 /* FirebaseFunctions */; };
		E0B95BEA2D99DEF800262E58 /* FirebaseFunctionsCombine-Community in Frameworks */ = {isa = PBXBuildFile; productRef = E0B95BE92D99DEF800262E58 /* FirebaseFunctionsCombine-Community */; };
		E0B95BEC2D99DEF800262E58 /* FirebaseInAppMessaging-Beta in Frameworks */ = {isa = PBXBuildFile; productRef = E0B95BEB2D99DEF800262E58 /* FirebaseInAppMessaging-Beta */; };
		E0B95BEE2D99DEF800262E58 /* FirebaseInstallations in Frameworks */ = {isa = PBXBuildFile; productRef = E0B95BED2D99DEF800262E58 /* FirebaseInstallations */; };
		E0B95BF02D99DEF800262E58 /* FirebaseMLModelDownloader in Frameworks */ = {isa = PBXBuildFile; productRef = E0B95BEF2D99DEF800262E58 /* FirebaseMLModelDownloader */; };
		E0B95BF22D99DEF800262E58 /* FirebaseMessaging in Frameworks */ = {isa = PBXBuildFile; productRef = E0B95BF12D99DEF800262E58 /* FirebaseMessaging */; };
		E0B95BF42D99DEF800262E58 /* FirebasePerformance in Frameworks */ = {isa = PBXBuildFile; productRef = E0B95BF32D99DEF800262E58 /* FirebasePerformance */; };
		E0B95BF62D99DEF800262E58 /* FirebaseRemoteConfig in Frameworks */ = {isa = PBXBuildFile; productRef = E0B95BF52D99DEF800262E58 /* FirebaseRemoteConfig */; };
		E0B95BF82D99DEF800262E58 /* FirebaseStorage in Frameworks */ = {isa = PBXBuildFile; productRef = E0B95BF72D99DEF800262E58 /* FirebaseStorage */; };
		E0B95BFA2D99DEF800262E58 /* FirebaseStorageCombine-Community in Frameworks */ = {isa = PBXBuildFile; productRef = E0B95BF92D99DEF800262E58 /* FirebaseStorageCombine-Community */; };
		E0B95BFC2D99DEF800262E58 /* FirebaseVertexAI in Frameworks */ = {isa = PBXBuildFile; productRef = E0B95BFB2D99DEF800262E58 /* FirebaseVertexAI */; };
/* End PBXBuildFile section */

/* Begin PBXContainerItemProxy section */
		E0B95B7B2D97A42800262E58 /* PBXContainerItemProxy */ = {
			isa = PBXContainerItemProxy;
			containerPortal = E0B95B622D97A41E00262E58 /* Project object */;
			proxyType = 1;
			remoteGlobalIDString = E0B95B692D97A41E00262E58;
			remoteInfo = TranslateMe;
		};
		E0B95B852D97A42800262E58 /* PBXContainerItemProxy */ = {
			isa = PBXContainerItemProxy;
			containerPortal = E0B95B622D97A41E00262E58 /* Project object */;
			proxyType = 1;
			remoteGlobalIDString = E0B95B692D97A41E00262E58;
			remoteInfo = TranslateMe;
		};
/* End PBXContainerItemProxy section */

/* Begin PBXFileReference section */
		E0B95B6A2D97A41E00262E58 /* TranslateMe.app */ = {isa = PBXFileReference; explicitFileType = wrapper.application; includeInIndex = 0; path = TranslateMe.app; sourceTree = BUILT_PRODUCTS_DIR; };
		E0B95B7A2D97A42800262E58 /* TranslateMeTests.xctest */ = {isa = PBXFileReference; explicitFileType = wrapper.cfbundle; includeInIndex = 0; path = TranslateMeTests.xctest; sourceTree = BUILT_PRODUCTS_DIR; };
		E0B95B842D97A42800262E58 /* TranslateMeUITests.xctest */ = {isa = PBXFileReference; explicitFileType = wrapper.cfbundle; includeInIndex = 0; path = TranslateMeUITests.xctest; sourceTree = BUILT_PRODUCTS_DIR; };
/* End PBXFileReference section */

/* Begin PBXFileSystemSynchronizedRootGroup section */
		E0B95B6C2D97A41E00262E58 /* TranslateMe */ = {
			isa = PBXFileSystemSynchronizedRootGroup;
			path = TranslateMe;
			sourceTree = "<group>";
		};
		E0B95B7D2D97A42800262E58 /* TranslateMeTests */ = {
			isa = PBXFileSystemSynchronizedRootGroup;
			path = TranslateMeTests;
			sourceTree = "<group>";
		};
		E0B95B872D97A42800262E58 /* TranslateMeUITests */ = {
			isa = PBXFileSystemSynchronizedRootGroup;
			path = TranslateMeUITests;
			sourceTree = "<group>";
		};
/* End PBXFileSystemSynchronizedRootGroup section */

/* Begin PBXFrameworksBuildPhase section */
		E0B95B672D97A41E00262E58 /* Frameworks */ = {
			isa = PBXFrameworksBuildPhase;
			buildActionMask = 2147483647;
			files = (
				E0B95BE62D99DEF800262E58 /* FirebaseFirestoreCombine-Community in Frameworks */,
				E0B95BFC2D99DEF800262E58 /* FirebaseVertexAI in Frameworks */,
				E0B95BE82D99DEF800262E58 /* FirebaseFunctions in Frameworks */,
				E0B95BF42D99DEF800262E58 /* FirebasePerformance in Frameworks */,
				E0B95BFA2D99DEF800262E58 /* FirebaseStorageCombine-Community in Frameworks */,
				E0B95BF62D99DEF800262E58 /* FirebaseRemoteConfig in Frameworks */,
				E0B95BE02D99DEF800262E58 /* FirebaseDatabase in Frameworks */,
				E0B95BE22D99DEF800262E58 /* FirebaseDynamicLinks in Frameworks */,
				E0B95BD42D99DEF800262E58 /* FirebaseAppCheck in Frameworks */,
				E0B95BD82D99DEF800262E58 /* FirebaseAuth in Frameworks */,
				E0B95BCE2D99DEF800262E58 /* FirebaseAnalytics in Frameworks */,
				E0B95BE42D99DEF800262E58 /* FirebaseFirestore in Frameworks */,
				E0B95BF22D99DEF800262E58 /* FirebaseMessaging in Frameworks */,
				E0B95BEE2D99DEF800262E58 /* FirebaseInstallations in Frameworks */,
				E0B95BEA2D99DEF800262E58 /* FirebaseFunctionsCombine-Community in Frameworks */,
				E0B95BD62D99DEF800262E58 /* FirebaseAppDistribution-Beta in Frameworks */,
				E0B95BD22D99DEF800262E58 /* FirebaseAnalyticsWithoutAdIdSupport in Frameworks */,
				E0B95BEC2D99DEF800262E58 /* FirebaseInAppMessaging-Beta in Frameworks */,
				E0B95BDA2D99DEF800262E58 /* FirebaseAuthCombine-Community in Frameworks */,
				E0B95BDE2D99DEF800262E58 /* FirebaseCrashlytics in Frameworks */,
				E0B95BF02D99DEF800262E58 /* FirebaseMLModelDownloader in Frameworks */,
				E0B95BF82D99DEF800262E58 /* FirebaseStorage in Frameworks */,
				E0B95BDC2D99DEF800262E58 /* FirebaseCore in Frameworks */,
				E0B95BD02D99DEF800262E58 /* FirebaseAnalyticsOnDeviceConversion in Frameworks */,
			);
			runOnlyForDeploymentPostprocessing = 0;
		};
		E0B95B772D97A42800262E58 /* Frameworks */ = {
			isa = PBXFrameworksBuildPhase;
			buildActionMask = 2147483647;
			files = (
			);
			runOnlyForDeploymentPostprocessing = 0;
		};
		E0B95B812D97A42800262E58 /* Frameworks */ = {
			isa = PBXFrameworksBuildPhase;
			buildActionMask = 2147483647;
			files = (
			);
			runOnlyForDeploymentPostprocessing = 0;
		};
/* End PBXFrameworksBuildPhase section */

/* Begin PBXGroup section */
		E0B95B612D97A41E00262E58 = {
			isa = PBXGroup;
			children = (
				E0B95B6C2D97A41E00262E58 /* TranslateMe */,
				E0B95B7D2D97A42800262E58 /* TranslateMeTests */,
				E0B95B872D97A42800262E58 /* TranslateMeUITests */,
				E0B95BFD2D99DF7B00262E58 /* Frameworks */,
				E0B95B6B2D97A41E00262E58 /* Products */,
			);
			sourceTree = "<group>";
		};
		E0B95B6B2D97A41E00262E58 /* Products */ = {
			isa = PBXGroup;
			children = (
				E0B95B6A2D97A41E00262E58 /* TranslateMe.app */,
				E0B95B7A2D97A42800262E58 /* TranslateMeTests.xctest */,
				E0B95B842D97A42800262E58 /* TranslateMeUITests.xctest */,
			);
			name = Products;
			sourceTree = "<group>";
		};
		E0B95BFD2D99DF7B00262E58 /* Frameworks */ = {
			isa = PBXGroup;
			children = (
			);
			name = Frameworks;
			sourceTree = "<group>";
		};
/* End PBXGroup section */

/* Begin PBXNativeTarget section */
		E0B95B692D97A41E00262E58 /* TranslateMe */ = {
			isa = PBXNativeTarget;
			buildConfigurationList = E0B95B8E2D97A42800262E58 /* Build configuration list for PBXNativeTarget "TranslateMe" */;
			buildPhases = (
				E0B95B662D97A41E00262E58 /* Sources */,
				E0B95B672D97A41E00262E58 /* Frameworks */,
				E0B95B682D97A41E00262E58 /* Resources */,
			);
			buildRules = (
			);
			dependencies = (
			);
			fileSystemSynchronizedGroups = (
				E0B95B6C2D97A41E00262E58 /* TranslateMe */,
			);
			name = TranslateMe;
			packageProductDependencies = (
				E0B95BCD2D99DEF800262E58 /* FirebaseAnalytics */,
				E0B95BCF2D99DEF800262E58 /* FirebaseAnalyticsOnDeviceConversion */,
				E0B95BD12D99DEF800262E58 /* FirebaseAnalyticsWithoutAdIdSupport */,
				E0B95BD32D99DEF800262E58 /* FirebaseAppCheck */,
				E0B95BD52D99DEF800262E58 /* FirebaseAppDistribution-Beta */,
				E0B95BD72D99DEF800262E58 /* FirebaseAuth */,
				E0B95BD92D99DEF800262E58 /* FirebaseAuthCombine-Community */,
				E0B95BDB2D99DEF800262E58 /* FirebaseCore */,
				E0B95BDD2D99DEF800262E58 /* FirebaseCrashlytics */,
				E0B95BDF2D99DEF800262E58 /* FirebaseDatabase */,
				E0B95BE12D99DEF800262E58 /* FirebaseDynamicLinks */,
				E0B95BE32D99DEF800262E58 /* FirebaseFirestore */,
				E0B95BE52D99DEF800262E58 /* FirebaseFirestoreCombine-Community */,
				E0B95BE72D99DEF800262E58 /* FirebaseFunctions */,
				E0B95BE92D99DEF800262E58 /* FirebaseFunctionsCombine-Community */,
				E0B95BEB2D99DEF800262E58 /* FirebaseInAppMessaging-Beta */,
				E0B95BED2D99DEF800262E58 /* FirebaseInstallations */,
				E0B95BEF2D99DEF800262E58 /* FirebaseMLModelDownloader */,
				E0B95BF12D99DEF800262E58 /* FirebaseMessaging */,
				E0B95BF32D99DEF800262E58 /* FirebasePerformance */,
				E0B95BF52D99DEF800262E58 /* FirebaseRemoteConfig */,
				E0B95BF72D99DEF800262E58 /* FirebaseStorage */,
				E0B95BF92D99DEF800262E58 /* FirebaseStorageCombine-Community */,
				E0B95BFB2D99DEF800262E58 /* FirebaseVertexAI */,
			);
			productName = TranslateMe;
			productReference = E0B95B6A2D97A41E00262E58 /* TranslateMe.app */;
			productType = "com.apple.product-type.application";
		};
		E0B95B792D97A42800262E58 /* TranslateMeTests */ = {
			isa = PBXNativeTarget;
			buildConfigurationList = E0B95B912D97A42800262E58 /* Build configuration list for PBXNativeTarget "TranslateMeTests" */;
			buildPhases = (
				E0B95B762D97A42800262E58 /* Sources */,
				E0B95B772D97A42800262E58 /* Frameworks */,
				E0B95B782D97A42800262E58 /* Resources */,
			);
			buildRules = (
			);
			dependencies = (
				E0B95B7C2D97A42800262E58 /* PBXTargetDependency */,
			);
			fileSystemSynchronizedGroups = (
				E0B95B7D2D97A42800262E58 /* TranslateMeTests */,
			);
			name = TranslateMeTests;
			packageProductDependencies = (
			);
			productName = TranslateMeTests;
			productReference = E0B95B7A2D97A42800262E58 /* TranslateMeTests.xctest */;
			productType = "com.apple.product-type.bundle.unit-test";
		};
		E0B95B832D97A42800262E58 /* TranslateMeUITests */ = {
			isa = PBXNativeTarget;
			buildConfigurationList = E0B95B942D97A42800262E58 /* Build configuration list for PBXNativeTarget "TranslateMeUITests" */;
			buildPhases = (
				E0B95B802D97A42800262E58 /* Sources */,
				E0B95B812D97A42800262E58 /* Frameworks */,
				E0B95B822D97A42800262E58 /* Resources */,
			);
			buildRules = (
			);
			dependencies = (
				E0B95B862D97A42800262E58 /* PBXTargetDependency */,
			);
			fileSystemSynchronizedGroups = (
				E0B95B872D97A42800262E58 /* TranslateMeUITests */,
			);
			name = TranslateMeUITests;
			packageProductDependencies = (
			);
			productName = TranslateMeUITests;
			productReference = E0B95B842D97A42800262E58 /* TranslateMeUITests.xctest */;
			productType = "com.apple.product-type.bundle.ui-testing";
		};
/* End PBXNativeTarget section */

/* Begin PBXProject section */
		E0B95B622D97A41E00262E58 /* Project object */ = {
			isa = PBXProject;
			attributes = {
				BuildIndependentTargetsInParallel = 1;
				LastSwiftUpdateCheck = 1620;
				LastUpgradeCheck = 1620;
				TargetAttributes = {
					E0B95B692D97A41E00262E58 = {
						CreatedOnToolsVersion = 16.2;
					};
					E0B95B792D97A42800262E58 = {
						CreatedOnToolsVersion = 16.2;
						TestTargetID = E0B95B692D97A41E00262E58;
					};
					E0B95B832D97A42800262E58 = {
						CreatedOnToolsVersion = 16.2;
						TestTargetID = E0B95B692D97A41E00262E58;
					};
				};
			};
			buildConfigurationList = E0B95B652D97A41E00262E58 /* Build configuration list for PBXProject "TranslateMe" */;
			developmentRegion = en;
			hasScannedForEncodings = 0;
			knownRegions = (
				en,
				Base,
			);
			mainGroup = E0B95B612D97A41E00262E58;
			minimizedProjectReferenceProxies = 1;
			packageReferences = (
				E0B95BCC2D99DEF800262E58 /* XCRemoteSwiftPackageReference "firebase-ios-sdk" */,
			);
			preferredProjectObjectVersion = 77;
			productRefGroup = E0B95B6B2D97A41E00262E58 /* Products */;
			projectDirPath = "";
			projectRoot = "";
			targets = (
				E0B95B692D97A41E00262E58 /* TranslateMe */,
				E0B95B792D97A42800262E58 /* TranslateMeTests */,
				E0B95B832D97A42800262E58 /* TranslateMeUITests */,
			);
		};
/* End PBXProject section */

/* Begin PBXResourcesBuildPhase section */
		E0B95B682D97A41E00262E58 /* Resources */ = {
			isa = PBXResourcesBuildPhase;
			buildActionMask = 2147483647;
			files = (
			);
			runOnlyForDeploymentPostprocessing = 0;
		};
		E0B95B782D97A42800262E58 /* Resources */ = {
			isa = PBXResourcesBuildPhase;
			buildActionMask = 2147483647;
			files = (
			);
			runOnlyForDeploymentPostprocessing = 0;
		};
		E0B95B822D97A42800262E58 /* Resources */ = {
			isa = PBXResourcesBuildPhase;
			buildActionMask = 2147483647;
			files = (
			);
			runOnlyForDeploymentPostprocessing = 0;
		};
/* End PBXResourcesBuildPhase section */

/* Begin PBXSourcesBuildPhase section */
		E0B95B662D97A41E00262E58 /* Sources */ = {
			isa = PBXSourcesBuildPhase;
			buildActionMask = 2147483647;
			files = (
			);
			runOnlyForDeploymentPostprocessing = 0;
		};
		E0B95B762D97A42800262E58 /* Sources */ = {
			isa = PBXSourcesBuildPhase;
			buildActionMask = 2147483647;
			files = (
			);
			runOnlyForDeploymentPostprocessing = 0;
		};
		E0B95B802D97A42800262E58 /* Sources */ = {
			isa = PBXSourcesBuildPhase;
			buildActionMask = 2147483647;
			files = (
			);
			runOnlyForDeploymentPostprocessing = 0;
		};
/* End PBXSourcesBuildPhase section */

/* Begin PBXTargetDependency section */
		E0B95B7C2D97A42800262E58 /* PBXTargetDependency */ = {
			isa = PBXTargetDependency;
			target = E0B95B692D97A41E00262E58 /* TranslateMe */;
			targetProxy = E0B95B7B2D97A42800262E58 /* PBXContainerItemProxy */;
		};
		E0B95B862D97A42800262E58 /* PBXTargetDependency */ = {
			isa = PBXTargetDependency;
			target = E0B95B692D97A41E00262E58 /* TranslateMe */;
			targetProxy = E0B95B852D97A42800262E58 /* PBXContainerItemProxy */;
		};
/* End PBXTargetDependency section */

/* Begin XCBuildConfiguration section */
		E0B95B8C2D97A42800262E58 /* Debug */ = {
			isa = XCBuildConfiguration;
			buildSettings = {
				ALWAYS_SEARCH_USER_PATHS = NO;
				ASSETCATALOG_COMPILER_GENERATE_SWIFT_ASSET_SYMBOL_EXTENSIONS = YES;
				CLANG_ANALYZER_NONNULL = YES;
				CLANG_ANALYZER_NUMBER_OBJECT_CONVERSION = YES_AGGRESSIVE;
				CLANG_CXX_LANGUAGE_STANDARD = "gnu++20";
				CLANG_ENABLE_MODULES = YES;
				CLANG_ENABLE_OBJC_ARC = YES;
				CLANG_ENABLE_OBJC_WEAK = YES;
				CLANG_WARN_BLOCK_CAPTURE_AUTORELEASING = YES;
				CLANG_WARN_BOOL_CONVERSION = YES;
				CLANG_WARN_COMMA = YES;
				CLANG_WARN_CONSTANT_CONVERSION = YES;
				CLANG_WARN_DEPRECATED_OBJC_IMPLEMENTATIONS = YES;
				CLANG_WARN_DIRECT_OBJC_ISA_USAGE = YES_ERROR;
				CLANG_WARN_DOCUMENTATION_COMMENTS = YES;
				CLANG_WARN_EMPTY_BODY = YES;
				CLANG_WARN_ENUM_CONVERSION = YES;
				CLANG_WARN_INFINITE_RECURSION = YES;
				CLANG_WARN_INT_CONVERSION = YES;
				CLANG_WARN_NON_LITERAL_NULL_CONVERSION = YES;
				CLANG_WARN_OBJC_IMPLICIT_RETAIN_SELF = YES;
				CLANG_WARN_OBJC_LITERAL_CONVERSION = YES;
				CLANG_WARN_OBJC_ROOT_CLASS = YES_ERROR;
				CLANG_WARN_QUOTED_INCLUDE_IN_FRAMEWORK_HEADER = YES;
				CLANG_WARN_RANGE_LOOP_ANALYSIS = YES;
				CLANG_WARN_STRICT_PROTOTYPES = YES;
				CLANG_WARN_SUSPICIOUS_MOVE = YES;
				CLANG_WARN_UNGUARDED_AVAILABILITY = YES_AGGRESSIVE;
				CLANG_WARN_UNREACHABLE_CODE = YES;
				CLANG_WARN__DUPLICATE_METHOD_MATCH = YES;
				COPY_PHASE_STRIP = NO;
				DEBUG_INFORMATION_FORMAT = dwarf;
				ENABLE_STRICT_OBJC_MSGSEND = YES;
				ENABLE_TESTABILITY = YES;
				ENABLE_USER_SCRIPT_SANDBOXING = YES;
				GCC_C_LANGUAGE_STANDARD = gnu17;
				GCC_DYNAMIC_NO_PIC = NO;
				GCC_NO_COMMON_BLOCKS = YES;
				GCC_OPTIMIZATION_LEVEL = 0;
				GCC_PREPROCESSOR_DEFINITIONS = (
					"DEBUG=1",
					"$(inherited)",
				);
				GCC_WARN_64_TO_32_BIT_CONVERSION = YES;
				GCC_WARN_ABOUT_RETURN_TYPE = YES_ERROR;
				GCC_WARN_UNDECLARED_SELECTOR = YES;
				GCC_WARN_UNINITIALIZED_AUTOS = YES_AGGRESSIVE;
				GCC_WARN_UNUSED_FUNCTION = YES;
				GCC_WARN_UNUSED_VARIABLE = YES;
				IPHONEOS_DEPLOYMENT_TARGET = 18.2;
				LOCALIZATION_PREFERS_STRING_CATALOGS = YES;
				MTL_ENABLE_DEBUG_INFO = INCLUDE_SOURCE;
				MTL_FAST_MATH = YES;
				ONLY_ACTIVE_ARCH = YES;
				SDKROOT = iphoneos;
				SWIFT_ACTIVE_COMPILATION_CONDITIONS = "DEBUG $(inherited)";
				SWIFT_OPTIMIZATION_LEVEL = "-Onone";
			};
			name = Debug;
		};
		E0B95B8D2D97A42800262E58 /* Release */ = {
			isa = XCBuildConfiguration;
			buildSettings = {
				ALWAYS_SEARCH_USER_PATHS = NO;
				ASSETCATALOG_COMPILER_GENERATE_SWIFT_ASSET_SYMBOL_EXTENSIONS = YES;
				CLANG_ANALYZER_NONNULL = YES;
				CLANG_ANALYZER_NUMBER_OBJECT_CONVERSION = YES_AGGRESSIVE;
				CLANG_CXX_LANGUAGE_STANDARD = "gnu++20";
				CLANG_ENABLE_MODULES = YES;
				CLANG_ENABLE_OBJC_ARC = YES;
				CLANG_ENABLE_OBJC_WEAK = YES;
				CLANG_WARN_BLOCK_CAPTURE_AUTORELEASING = YES;
				CLANG_WARN_BOOL_CONVERSION = YES;
				CLANG_WARN_COMMA = YES;
				CLANG_WARN_CONSTANT_CONVERSION = YES;
				CLANG_WARN_DEPRECATED_OBJC_IMPLEMENTATIONS = YES;
				CLANG_WARN_DIRECT_OBJC_ISA_USAGE = YES_ERROR;
				CLANG_WARN_DOCUMENTATION_COMMENTS = YES;
				CLANG_WARN_EMPTY_BODY = YES;
				CLANG_WARN_ENUM_CONVERSION = YES;
				CLANG_WARN_INFINITE_RECURSION = YES;
				CLANG_WARN_INT_CONVERSION = YES;
				CLANG_WARN_NON_LITERAL_NULL_CONVERSION = YES;
				CLANG_WARN_OBJC_IMPLICIT_RETAIN_SELF = YES;
				CLANG_WARN_OBJC_LITERAL_CONVERSION = YES;
				CLANG_WARN_OBJC_ROOT_CLASS = YES_ERROR;
				CLANG_WARN_QUOTED_INCLUDE_IN_FRAMEWORK_HEADER = YES;
				CLANG_WARN_RANGE_LOOP_ANALYSIS = YES;
				CLANG_WARN_STRICT_PROTOTYPES = YES;
				CLANG_WARN_SUSPICIOUS_MOVE = YES;
				CLANG_WARN_UNGUARDED_AVAILABILITY = YES_AGGRESSIVE;
				CLANG_WARN_UNREACHABLE_CODE = YES;
				CLANG_WARN__DUPLICATE_METHOD_MATCH = YES;
				COPY_PHASE_STRIP = NO;
				DEBUG_INFORMATION_FORMAT = "dwarf-with-dsym";
				ENABLE_NS_ASSERTIONS = NO;
				ENABLE_STRICT_OBJC_MSGSEND = YES;
				ENABLE_USER_SCRIPT_SANDBOXING = YES;
				GCC_C_LANGUAGE_STANDARD = gnu17;
				GCC_NO_COMMON_BLOCKS = YES;
				GCC_WARN_64_TO_32_BIT_CONVERSION = YES;
				GCC_WARN_ABOUT_RETURN_TYPE = YES_ERROR;
				GCC_WARN_UNDECLARED_SELECTOR = YES;
				GCC_WARN_UNINITIALIZED_AUTOS = YES_AGGRESSIVE;
				GCC_WARN_UNUSED_FUNCTION = YES;
				GCC_WARN_UNUSED_VARIABLE = YES;
				IPHONEOS_DEPLOYMENT_TARGET = 18.2;
				LOCALIZATION_PREFERS_STRING_CATALOGS = YES;
				MTL_ENABLE_DEBUG_INFO = NO;
				MTL_FAST_MATH = YES;
				SDKROOT = iphoneos;
				SWIFT_COMPILATION_MODE = wholemodule;
				VALIDATE_PRODUCT = YES;
			};
			name = Release;
		};
		E0B95B8F2D97A42800262E58 /* Debug */ = {
			isa = XCBuildConfiguration;
			buildSettings = {
				ASSETCATALOG_COMPILER_APPICON_NAME = AppIcon;
				ASSETCATALOG_COMPILER_GLOBAL_ACCENT_COLOR_NAME = AccentColor;
				CODE_SIGN_STYLE = Automatic;
				CURRENT_PROJECT_VERSION = 1;
				DEVELOPMENT_ASSET_PATHS = "\"TranslateMe/Preview Content\"";
				DEVELOPMENT_TEAM = 27LT3T79TW;
				ENABLE_PREVIEWS = YES;
				GENERATE_INFOPLIST_FILE = YES;
				INFOPLIST_KEY_UIApplicationSceneManifest_Generation = YES;
				INFOPLIST_KEY_UIApplicationSupportsIndirectInputEvents = YES;
				INFOPLIST_KEY_UILaunchScreen_Generation = YES;
				INFOPLIST_KEY_UISupportedInterfaceOrientations_iPad = "UIInterfaceOrientationPortrait UIInterfaceOrientationPortraitUpsideDown UIInterfaceOrientationLandscapeLeft UIInterfaceOrientationLandscapeRight";
				INFOPLIST_KEY_UISupportedInterfaceOrientations_iPhone = "UIInterfaceOrientationPortrait UIInterfaceOrientationLandscapeLeft UIInterfaceOrientationLandscapeRight";
				LD_RUNPATH_SEARCH_PATHS = (
					"$(inherited)",
					"@executable_path/Frameworks",
				);
				MARKETING_VERSION = 1.0;
				PRODUCT_BUNDLE_IDENTIFIER = Sam.TranslateMe;
				PRODUCT_NAME = "$(TARGET_NAME)";
				SWIFT_EMIT_LOC_STRINGS = YES;
				SWIFT_VERSION = 5.0;
				TARGETED_DEVICE_FAMILY = "1,2";
			};
			name = Debug;
		};
		E0B95B902D97A42800262E58 /* Release */ = {
			isa = XCBuildConfiguration;
			buildSettings = {
				ASSETCATALOG_COMPILER_APPICON_NAME = AppIcon;
				ASSETCATALOG_COMPILER_GLOBAL_ACCENT_COLOR_NAME = AccentColor;
				CODE_SIGN_STYLE = Automatic;
				CURRENT_PROJECT_VERSION = 1;
				DEVELOPMENT_ASSET_PATHS = "\"TranslateMe/Preview Content\"";
				DEVELOPMENT_TEAM = 27LT3T79TW;
				ENABLE_PREVIEWS = YES;
				GENERATE_INFOPLIST_FILE = YES;
				INFOPLIST_KEY_UIApplicationSceneManifest_Generation = YES;
				INFOPLIST_KEY_UIApplicationSupportsIndirectInputEvents = YES;
				INFOPLIST_KEY_UILaunchScreen_Generation = YES;
				INFOPLIST_KEY_UISupportedInterfaceOrientations_iPad = "UIInterfaceOrientationPortrait UIInterfaceOrientationPortraitUpsideDown UIInterfaceOrientationLandscapeLeft UIInterfaceOrientationLandscapeRight";
				INFOPLIST_KEY_UISupportedInterfaceOrientations_iPhone = "UIInterfaceOrientationPortrait UIInterfaceOrientationLandscapeLeft UIInterfaceOrientationLandscapeRight";
				LD_RUNPATH_SEARCH_PATHS = (
					"$(inherited)",
					"@executable_path/Frameworks",
				);
				MARKETING_VERSION = 1.0;
				PRODUCT_BUNDLE_IDENTIFIER = Sam.TranslateMe;
				PRODUCT_NAME = "$(TARGET_NAME)";
				SWIFT_EMIT_LOC_STRINGS = YES;
				SWIFT_VERSION = 5.0;
				TARGETED_DEVICE_FAMILY = "1,2";
			};
			name = Release;
		};
		E0B95B922D97A42800262E58 /* Debug */ = {
			isa = XCBuildConfiguration;
			buildSettings = {
				BUNDLE_LOADER = "$(TEST_HOST)";
				CODE_SIGN_STYLE = Automatic;
				CURRENT_PROJECT_VERSION = 1;
				DEVELOPMENT_TEAM = 27LT3T79TW;
				GENERATE_INFOPLIST_FILE = YES;
				IPHONEOS_DEPLOYMENT_TARGET = 18.2;
				MARKETING_VERSION = 1.0;
				PRODUCT_BUNDLE_IDENTIFIER = Sam.TranslateMeTests;
				PRODUCT_NAME = "$(TARGET_NAME)";
				SWIFT_EMIT_LOC_STRINGS = NO;
				SWIFT_VERSION = 5.0;
				TARGETED_DEVICE_FAMILY = "1,2";
				TEST_HOST = "$(BUILT_PRODUCTS_DIR)/TranslateMe.app/$(BUNDLE_EXECUTABLE_FOLDER_PATH)/TranslateMe";
			};
			name = Debug;
		};
		E0B95B932D97A42800262E58 /* Release */ = {
			isa = XCBuildConfiguration;
			buildSettings = {
				BUNDLE_LOADER = "$(TEST_HOST)";
				CODE_SIGN_STYLE = Automatic;
				CURRENT_PROJECT_VERSION = 1;
				DEVELOPMENT_TEAM = 27LT3T79TW;
				GENERATE_INFOPLIST_FILE = YES;
				IPHONEOS_DEPLOYMENT_TARGET = 18.2;
				MARKETING_VERSION = 1.0;
				PRODUCT_BUNDLE_IDENTIFIER = Sam.TranslateMeTests;
				PRODUCT_NAME = "$(TARGET_NAME)";
				SWIFT_EMIT_LOC_STRINGS = NO;
				SWIFT_VERSION = 5.0;
				TARGETED_DEVICE_FAMILY = "1,2";
				TEST_HOST = "$(BUILT_PRODUCTS_DIR)/TranslateMe.app/$(BUNDLE_EXECUTABLE_FOLDER_PATH)/TranslateMe";
			};
			name = Release;
		};
		E0B95B952D97A42800262E58 /* Debug */ = {
			isa = XCBuildConfiguration;
			buildSettings = {
				CODE_SIGN_STYLE = Automatic;
				CURRENT_PROJECT_VERSION = 1;
				DEVELOPMENT_TEAM = 27LT3T79TW;
				GENERATE_INFOPLIST_FILE = YES;
				MARKETING_VERSION = 1.0;
				PRODUCT_BUNDLE_IDENTIFIER = Sam.TranslateMeUITests;
				PRODUCT_NAME = "$(TARGET_NAME)";
				SWIFT_EMIT_LOC_STRINGS = NO;
				SWIFT_VERSION = 5.0;
				TARGETED_DEVICE_FAMILY = "1,2";
				TEST_TARGET_NAME = TranslateMe;
			};
			name = Debug;
		};
		E0B95B962D97A42800262E58 /* Release */ = {
			isa = XCBuildConfiguration;
			buildSettings = {
				CODE_SIGN_STYLE = Automatic;
				CURRENT_PROJECT_VERSION = 1;
				DEVELOPMENT_TEAM = 27LT3T79TW;
				GENERATE_INFOPLIST_FILE = YES;
				MARKETING_VERSION = 1.0;
				PRODUCT_BUNDLE_IDENTIFIER = Sam.TranslateMeUITests;
				PRODUCT_NAME = "$(TARGET_NAME)";
				SWIFT_EMIT_LOC_STRINGS = NO;
				SWIFT_VERSION = 5.0;
				TARGETED_DEVICE_FAMILY = "1,2";
				TEST_TARGET_NAME = TranslateMe;
			};
			name = Release;
		};
/* End XCBuildConfiguration section */

/* Begin XCConfigurationList section */
		E0B95B652D97A41E00262E58 /* Build configuration list for PBXProject "TranslateMe" */ = {
			isa = XCConfigurationList;
			buildConfigurations = (
				E0B95B8C2D97A42800262E58 /* Debug */,
				E0B95B8D2D97A42800262E58 /* Release */,
			);
			defaultConfigurationIsVisible = 0;
			defaultConfigurationName = Release;
		};
		E0B95B8E2D97A42800262E58 /* Build configuration list for PBXNativeTarget "TranslateMe" */ = {
			isa = XCConfigurationList;
			buildConfigurations = (
				E0B95B8F2D97A42800262E58 /* Debug */,
				E0B95B902D97A42800262E58 /* Release */,
			);
			defaultConfigurationIsVisible = 0;
			defaultConfigurationName = Release;
		};
		E0B95B912D97A42800262E58 /* Build configuration list for PBXNativeTarget "TranslateMeTests" */ = {
			isa = XCConfigurationList;
			buildConfigurations = (
				E0B95B922D97A42800262E58 /* Debug */,
				E0B95B932D97A42800262E58 /* Release */,
			);
			defaultConfigurationIsVisible = 0;
			defaultConfigurationName = Release;
		};
		E0B95B942D97A42800262E58 /* Build configuration list for PBXNativeTarget "TranslateMeUITests" */ = {
			isa = XCConfigurationList;
			buildConfigurations = (
				E0B95B952D97A42800262E58 /* Debug */,
				E0B95B962D97A42800262E58 /* Release */,
			);
			defaultConfigurationIsVisible = 0;
			defaultConfigurationName = Release;
		};
/* End XCConfigurationList section */

/* Begin XCRemoteSwiftPackageReference section */
		E0B95BCC2D99DEF800262E58 /* XCRemoteSwiftPackageReference "firebase-ios-sdk" */ = {
			isa = XCRemoteSwiftPackageReference;
			repositoryURL = "https://github.com/firebase/firebase-ios-sdk";
			requirement = {
				kind = upToNextMajorVersion;
				minimumVersion = 11.10.0;
			};
		};
/* End XCRemoteSwiftPackageReference section */

/* Begin XCSwiftPackageProductDependency section */
		E0B95BCD2D99DEF800262E58 /* FirebaseAnalytics */ = {
			isa = XCSwiftPackageProductDependency;
			package = E0B95BCC2D99DEF800262E58 /* XCRemoteSwiftPackageReference "firebase-ios-sdk" */;
			productName = FirebaseAnalytics;
		};
		E0B95BCF2D99DEF800262E58 /* FirebaseAnalyticsOnDeviceConversion */ = {
			isa = XCSwiftPackageProductDependency;
			package = E0B95BCC2D99DEF800262E58 /* XCRemoteSwiftPackageReference "firebase-ios-sdk" */;
			productName = FirebaseAnalyticsOnDeviceConversion;
		};
		E0B95BD12D99DEF800262E58 /* FirebaseAnalyticsWithoutAdIdSupport */ = {
			isa = XCSwiftPackageProductDependency;
			package = E0B95BCC2D99DEF800262E58 /* XCRemoteSwiftPackageReference "firebase-ios-sdk" */;
			productName = FirebaseAnalyticsWithoutAdIdSupport;
		};
		E0B95BD32D99DEF800262E58 /* FirebaseAppCheck */ = {
			isa = XCSwiftPackageProductDependency;
			package = E0B95BCC2D99DEF800262E58 /* XCRemoteSwiftPackageReference "firebase-ios-sdk" */;
			productName = FirebaseAppCheck;
		};
		E0B95BD52D99DEF800262E58 /* FirebaseAppDistribution-Beta */ = {
			isa = XCSwiftPackageProductDependency;
			package = E0B95BCC2D99DEF800262E58 /* XCRemoteSwiftPackageReference "firebase-ios-sdk" */;
			productName = "FirebaseAppDistribution-Beta";
		};
		E0B95BD72D99DEF800262E58 /* FirebaseAuth */ = {
			isa = XCSwiftPackageProductDependency;
			package = E0B95BCC2D99DEF800262E58 /* XCRemoteSwiftPackageReference "firebase-ios-sdk" */;
			productName = FirebaseAuth;
		};
		E0B95BD92D99DEF800262E58 /* FirebaseAuthCombine-Community */ = {
			isa = XCSwiftPackageProductDependency;
			package = E0B95BCC2D99DEF800262E58 /* XCRemoteSwiftPackageReference "firebase-ios-sdk" */;
			productName = "FirebaseAuthCombine-Community";
		};
		E0B95BDB2D99DEF800262E58 /* FirebaseCore */ = {
			isa = XCSwiftPackageProductDependency;
			package = E0B95BCC2D99DEF800262E58 /* XCRemoteSwiftPackageReference "firebase-ios-sdk" */;
			productName = FirebaseCore;
		};
		E0B95BDD2D99DEF800262E58 /* FirebaseCrashlytics */ = {
			isa = XCSwiftPackageProductDependency;
			package = E0B95BCC2D99DEF800262E58 /* XCRemoteSwiftPackageReference "firebase-ios-sdk" */;
			productName = FirebaseCrashlytics;
		};
		E0B95BDF2D99DEF800262E58 /* FirebaseDatabase */ = {
			isa = XCSwiftPackageProductDependency;
			package = E0B95BCC2D99DEF800262E58 /* XCRemoteSwiftPackageReference "firebase-ios-sdk" */;
			productName = FirebaseDatabase;
		};
		E0B95BE12D99DEF800262E58 /* FirebaseDynamicLinks */ = {
			isa = XCSwiftPackageProductDependency;
			package = E0B95BCC2D99DEF800262E58 /* XCRemoteSwiftPackageReference "firebase-ios-sdk" */;
			productName = FirebaseDynamicLinks;
		};
		E0B95BE32D99DEF800262E58 /* FirebaseFirestore */ = {
			isa = XCSwiftPackageProductDependency;
			package = E0B95BCC2D99DEF800262E58 /* XCRemoteSwiftPackageReference "firebase-ios-sdk" */;
			productName = FirebaseFirestore;
		};
		E0B95BE52D99DEF800262E58 /* FirebaseFirestoreCombine-Community */ = {
			isa = XCSwiftPackageProductDependency;
			package = E0B95BCC2D99DEF800262E58 /* XCRemoteSwiftPackageReference "firebase-ios-sdk" */;
			productName = "FirebaseFirestoreCombine-Community";
		};
		E0B95BE72D99DEF800262E58 /* FirebaseFunctions */ = {
			isa = XCSwiftPackageProductDependency;
			package = E0B95BCC2D99DEF800262E58 /* XCRemoteSwiftPackageReference "firebase-ios-sdk" */;
			productName = FirebaseFunctions;
		};
		E0B95BE92D99DEF800262E58 /* FirebaseFunctionsCombine-Community */ = {
			isa = XCSwiftPackageProductDependency;
			package = E0B95BCC2D99DEF800262E58 /* XCRemoteSwiftPackageReference "firebase-ios-sdk" */;
			productName = "FirebaseFunctionsCombine-Community";
		};
		E0B95BEB2D99DEF800262E58 /* FirebaseInAppMessaging-Beta */ = {
			isa = XCSwiftPackageProductDependency;
			package = E0B95BCC2D99DEF800262E58 /* XCRemoteSwiftPackageReference "firebase-ios-sdk" */;
			productName = "FirebaseInAppMessaging-Beta";
		};
		E0B95BED2D99DEF800262E58 /* FirebaseInstallations */ = {
			isa = XCSwiftPackageProductDependency;
			package = E0B95BCC2D99DEF800262E58 /* XCRemoteSwiftPackageReference "firebase-ios-sdk" */;
			productName = FirebaseInstallations;
		};
		E0B95BEF2D99DEF800262E58 /* FirebaseMLModelDownloader */ = {
			isa = XCSwiftPackageProductDependency;
			package = E0B95BCC2D99DEF800262E58 /* XCRemoteSwiftPackageReference "firebase-ios-sdk" */;
			productName = FirebaseMLModelDownloader;
		};
		E0B95BF12D99DEF800262E58 /* FirebaseMessaging */ = {
			isa = XCSwiftPackageProductDependency;
			package = E0B95BCC2D99DEF800262E58 /* XCRemoteSwiftPackageReference "firebase-ios-sdk" */;
			productName = FirebaseMessaging;
		};
		E0B95BF32D99DEF800262E58 /* FirebasePerformance */ = {
			isa = XCSwiftPackageProductDependency;
			package = E0B95BCC2D99DEF800262E58 /* XCRemoteSwiftPackageReference "firebase-ios-sdk" */;
			productName = FirebasePerformance;
		};
		E0B95BF52D99DEF800262E58 /* FirebaseRemoteConfig */ = {
			isa = XCSwiftPackageProductDependency;
			package = E0B95BCC2D99DEF800262E58 /* XCRemoteSwiftPackageReference "firebase-ios-sdk" */;
			productName = FirebaseRemoteConfig;
		};
		E0B95BF72D99DEF800262E58 /* FirebaseStorage */ = {
			isa = XCSwiftPackageProductDependency;
			package = E0B95BCC2D99DEF800262E58 /* XCRemoteSwiftPackageReference "firebase-ios-sdk" */;
			productName = FirebaseStorage;
		};
		E0B95BF92D99DEF800262E58 /* FirebaseStorageCombine-Community */ = {
			isa = XCSwiftPackageProductDependency;
			package = E0B95BCC2D99DEF800262E58 /* XCRemoteSwiftPackageReference "firebase-ios-sdk" */;
			productName = "FirebaseStorageCombine-Community";
		};
		E0B95BFB2D99DEF800262E58 /* FirebaseVertexAI */ = {
			isa = XCSwiftPackageProductDependency;
			package = E0B95BCC2D99DEF800262E58 /* XCRemoteSwiftPackageReference "firebase-ios-sdk" */;
			productName = FirebaseVertexAI;
		};
/* End XCSwiftPackageProductDependency section */
	};
	rootObject = E0B95B622D97A41E00262E58 /* Project object */;
}
